
Microsoft Visual Studio Solution File, Format Version 12.00
# Visual Studio Version 16
VisualStudioVersion = 16.0.30330.147
MinimumVisualStudioVersion = 10.0.40219.1
Project("{FAE04EC0-301F-11D3-BF4B-00C04F79EFBC}") = "TetorisGame", "TetorisGame\TetorisGame.csproj", "{2174F55E-6B7B-4F35-A61E-A92B13857B77}"
EndProject
Global
	GlobalSection(SolutionConfigurationPlatforms) = preSolution
		Debug|Any CPU = Debug|Any CPU
		Release|Any CPU = Release|Any CPU
	EndGlobalSection
	GlobalSection(ProjectConfigurationPlatforms) = postSolution
		{2174F55E-6B7B-4F35-A61E-A92B13857B77}.Debug|Any CPU.ActiveCfg = Debug|Any CPU
		{2174F55E-6B7B-4F35-A61E-A92B13857B77}.Debug|Any CPU.Build.0 = Debug|Any CPU
		{2174F55E-6B7B-4F35-A61E-A92B13857B77}.Release|Any CPU.ActiveCfg = Release|Any CPU
		{2174F55E-6B7B-4F35-A61E-A92B13857B77}.Release|Any CPU.Build.0 = Release|Any CPU
	EndGlobalSection
	GlobalSection(SolutionProperties) = preSolution
		HideSolutionNode = FALSE
	EndGlobalSection
	GlobalSection(ExtensibilityGlobals) = postSolution
		SolutionGuid = {66824D86-2A12-4E5B-AC04-E7035E8D6037}
	EndGlobalSection
EndGlobal
